
Microsoft Visual Studio Solution File, Format Version 12.00
# Visual Studio 15
VisualStudioVersion = 15.0.28307.329
MinimumVisualStudioVersion = 10.0.40219.1
Project("{FAE04EC0-301F-11D3-BF4B-00C04F79EFBC}") = "contacto", "contacto\contacto.csproj", "{BA20C167-9B40-47BC-B3D8-50907CF8BB79}"
EndProject
Project("{FAE04EC0-301F-11D3-BF4B-00C04F79EFBC}") = "apiContact", "apiContact\apiContact.csproj", "{945AEA98-0C56-403E-A9A7-F0E9D7124E64}"
EndProject
Project("{FAE04EC0-301F-11D3-BF4B-00C04F79EFBC}") = "appContacto.Android", "appContacto\appContacto.Android\appContacto.Android.csproj", "{01FDBE37-4C71-4C91-A6F1-B13FCA17FE9C}"
EndProject
Project("{FAE04EC0-301F-11D3-BF4B-00C04F79EFBC}") = "appContacto.iOS", "appContacto\appContacto.iOS\appContacto.iOS.csproj", "{11EC746C-6649-4504-B7A9-434D0E5AEA5A}"
EndProject
Project("{9A19103F-16F7-4668-BE54-9A1E7A4F7556}") = "appContacto", "appContacto\appContacto\appContacto.csproj", "{51068FDD-15E1-4341-A2FA-4E56896AE244}"
EndProject
Project("{FAE04EC0-301F-11D3-BF4B-00C04F79EFBC}") = "apiContactSecurity", "apiContactSecurity\apiContactSecurity.csproj", "{69E7A90A-D785-4B03-84F7-A7BF143CFBB4}"
EndProject
Global
	GlobalSection(SolutionConfigurationPlatforms) = preSolution
		Ad-Hoc|Any CPU = Ad-Hoc|Any CPU
		Ad-Hoc|iPhone = Ad-Hoc|iPhone
		Ad-Hoc|iPhoneSimulator = Ad-Hoc|iPhoneSimulator
		AppStore|Any CPU = AppStore|Any CPU
		AppStore|iPhone = AppStore|iPhone
		AppStore|iPhoneSimulator = AppStore|iPhoneSimulator
		Debug|Any CPU = Debug|Any CPU
		Debug|iPhone = Debug|iPhone
		Debug|iPhoneSimulator = Debug|iPhoneSimulator
		Release|Any CPU = Release|Any CPU
		Release|iPhone = Release|iPhone
		Release|iPhoneSimulator = Release|iPhoneSimulator
	EndGlobalSection
	GlobalSection(ProjectConfigurationPlatforms) = postSolution
		{BA20C167-9B40-47BC-B3D8-50907CF8BB79}.Ad-Hoc|Any CPU.ActiveCfg = Release|Any CPU
		{BA20C167-9B40-47BC-B3D8-50907CF8BB79}.Ad-Hoc|Any CPU.Build.0 = Release|Any CPU
		{BA20C167-9B40-47BC-B3D8-50907CF8BB79}.Ad-Hoc|iPhone.ActiveCfg = Release|Any CPU
		{BA20C167-9B40-47BC-B3D8-50907CF8BB79}.Ad-Hoc|iPhone.Build.0 = Release|Any CPU
		{BA20C167-9B40-47BC-B3D8-50907CF8BB79}.Ad-Hoc|iPhoneSimulator.ActiveCfg = Release|Any CPU
		{BA20C167-9B40-47BC-B3D8-50907CF8BB79}.Ad-Hoc|iPhoneSimulator.Build.0 = Release|Any CPU
		{BA20C167-9B40-47BC-B3D8-50907CF8BB79}.AppStore|Any CPU.ActiveCfg = Release|Any CPU
		{BA20C167-9B40-47BC-B3D8-50907CF8BB79}.AppStore|Any CPU.Build.0 = Release|Any CPU
		{BA20C167-9B40-47BC-B3D8-50907CF8BB79}.AppStore|iPhone.ActiveCfg = Release|Any CPU
		{BA20C167-9B40-47BC-B3D8-50907CF8BB79}.AppStore|iPhone.Build.0 = Release|Any CPU
		{BA20C167-9B40-47BC-B3D8-50907CF8BB79}.AppStore|iPhoneSimulator.ActiveCfg = Release|Any CPU
		{BA20C167-9B40-47BC-B3D8-50907CF8BB79}.AppStore|iPhoneSimulator.Build.0 = Release|Any CPU
		{BA20C167-9B40-47BC-B3D8-50907CF8BB79}.Debug|Any CPU.ActiveCfg = Debug|Any CPU
		{BA20C167-9B40-47BC-B3D8-50907CF8BB79}.Debug|Any CPU.Build.0 = Debug|Any CPU
		{BA20C167-9B40-47BC-B3D8-50907CF8BB79}.Debug|iPhone.ActiveCfg = Debug|Any CPU
		{BA20C167-9B40-47BC-B3D8-50907CF8BB79}.Debug|iPhone.Build.0 = Debug|Any CPU
		{BA20C167-9B40-47BC-B3D8-50907CF8BB79}.Debug|iPhoneSimulator.ActiveCfg = Debug|Any CPU
		{BA20C167-9B40-47BC-B3D8-50907CF8BB79}.Debug|iPhoneSimulator.Build.0 = Debug|Any CPU
		{BA20C167-9B40-47BC-B3D8-50907CF8BB79}.Release|Any CPU.ActiveCfg = Release|Any CPU
		{BA20C167-9B40-47BC-B3D8-50907CF8BB79}.Release|Any CPU.Build.0 = Release|Any CPU
		{BA20C167-9B40-47BC-B3D8-50907CF8BB79}.Release|iPhone.ActiveCfg = Release|Any CPU
		{BA20C167-9B40-47BC-B3D8-50907CF8BB79}.Release|iPhone.Build.0 = Release|Any CPU
		{BA20C167-9B40-47BC-B3D8-50907CF8BB79}.Release|iPhoneSimulator.ActiveCfg = Release|Any CPU
		{BA20C167-9B40-47BC-B3D8-50907CF8BB79}.Release|iPhoneSimulator.Build.0 = Release|Any CPU
		{945AEA98-0C56-403E-A9A7-F0E9D7124E64}.Ad-Hoc|Any CPU.ActiveCfg = Release|Any CPU
		{945AEA98-0C56-403E-A9A7-F0E9D7124E64}.Ad-Hoc|Any CPU.Build.0 = Release|Any CPU
		{945AEA98-0C56-403E-A9A7-F0E9D7124E64}.Ad-Hoc|iPhone.ActiveCfg = Release|Any CPU
		{945AEA98-0C56-403E-A9A7-F0E9D7124E64}.Ad-Hoc|iPhone.Build.0 = Release|Any CPU
		{945AEA98-0C56-403E-A9A7-F0E9D7124E64}.Ad-Hoc|iPhoneSimulator.ActiveCfg = Release|Any CPU
		{945AEA98-0C56-403E-A9A7-F0E9D7124E64}.Ad-Hoc|iPhoneSimulator.Build.0 = Release|Any CPU
		{945AEA98-0C56-403E-A9A7-F0E9D7124E64}.AppStore|Any CPU.ActiveCfg = Release|Any CPU
		{945AEA98-0C56-403E-A9A7-F0E9D7124E64}.AppStore|Any CPU.Build.0 = Release|Any CPU
		{945AEA98-0C56-403E-A9A7-F0E9D7124E64}.AppStore|iPhone.ActiveCfg = Release|Any CPU
		{945AEA98-0C56-403E-A9A7-F0E9D7124E64}.AppStore|iPhone.Build.0 = Release|Any CPU
		{945AEA98-0C56-403E-A9A7-F0E9D7124E64}.AppStore|iPhoneSimulator.ActiveCfg = Release|Any CPU
		{945AEA98-0C56-403E-A9A7-F0E9D7124E64}.AppStore|iPhoneSimulator.Build.0 = Release|Any CPU
		{945AEA98-0C56-403E-A9A7-F0E9D7124E64}.Debug|Any CPU.ActiveCfg = Debug|Any CPU
		{945AEA98-0C56-403E-A9A7-F0E9D7124E64}.Debug|Any CPU.Build.0 = Debug|Any CPU
		{945AEA98-0C56-403E-A9A7-F0E9D7124E64}.Debug|iPhone.ActiveCfg = Debug|Any CPU
		{945AEA98-0C56-403E-A9A7-F0E9D7124E64}.Debug|iPhone.Build.0 = Debug|Any CPU
		{945AEA98-0C56-403E-A9A7-F0E9D7124E64}.Debug|iPhoneSimulator.ActiveCfg = Debug|Any CPU
		{945AEA98-0C56-403E-A9A7-F0E9D7124E64}.Debug|iPhoneSimulator.Build.0 = Debug|Any CPU
		{945AEA98-0C56-403E-A9A7-F0E9D7124E64}.Release|Any CPU.ActiveCfg = Release|Any CPU
		{945AEA98-0C56-403E-A9A7-F0E9D7124E64}.Release|Any CPU.Build.0 = Release|Any CPU
		{945AEA98-0C56-403E-A9A7-F0E9D7124E64}.Release|iPhone.ActiveCfg = Release|Any CPU
		{945AEA98-0C56-403E-A9A7-F0E9D7124E64}.Release|iPhone.Build.0 = Release|Any CPU
		{945AEA98-0C56-403E-A9A7-F0E9D7124E64}.Release|iPhoneSimulator.ActiveCfg = Release|Any CPU
		{945AEA98-0C56-403E-A9A7-F0E9D7124E64}.Release|iPhoneSimulator.Build.0 = Release|Any CPU
		{01FDBE37-4C71-4C91-A6F1-B13FCA17FE9C}.Ad-Hoc|Any CPU.ActiveCfg = Release|Any CPU
		{01FDBE37-4C71-4C91-A6F1-B13FCA17FE9C}.Ad-Hoc|Any CPU.Build.0 = Release|Any CPU
		{01FDBE37-4C71-4C91-A6F1-B13FCA17FE9C}.Ad-Hoc|Any CPU.Deploy.0 = Release|Any CPU
		{01FDBE37-4C71-4C91-A6F1-B13FCA17FE9C}.Ad-Hoc|iPhone.ActiveCfg = Release|Any CPU
		{01FDBE37-4C71-4C91-A6F1-B13FCA17FE9C}.Ad-Hoc|iPhone.Build.0 = Release|Any CPU
		{01FDBE37-4C71-4C91-A6F1-B13FCA17FE9C}.Ad-Hoc|iPhone.Deploy.0 = Release|Any CPU
		{01FDBE37-4C71-4C91-A6F1-B13FCA17FE9C}.Ad-Hoc|iPhoneSimulator.ActiveCfg = Release|Any CPU
		{01FDBE37-4C71-4C91-A6F1-B13FCA17FE9C}.Ad-Hoc|iPhoneSimulator.Build.0 = Release|Any CPU
		{01FDBE37-4C71-4C91-A6F1-B13FCA17FE9C}.Ad-Hoc|iPhoneSimulator.Deploy.0 = Release|Any CPU
		{01FDBE37-4C71-4C91-A6F1-B13FCA17FE9C}.AppStore|Any CPU.ActiveCfg = Release|Any CPU
		{01FDBE37-4C71-4C91-A6F1-B13FCA17FE9C}.AppStore|Any CPU.Build.0 = Release|Any CPU
		{01FDBE37-4C71-4C91-A6F1-B13FCA17FE9C}.AppStore|Any CPU.Deploy.0 = Release|Any CPU
		{01FDBE37-4C71-4C91-A6F1-B13FCA17FE9C}.AppStore|iPhone.ActiveCfg = Release|Any CPU
		{01FDBE37-4C71-4C91-A6F1-B13FCA17FE9C}.AppStore|iPhone.Build.0 = Release|Any CPU
		{01FDBE37-4C71-4C91-A6F1-B13FCA17FE9C}.AppStore|iPhone.Deploy.0 = Release|Any CPU
		{01FDBE37-4C71-4C91-A6F1-B13FCA17FE9C}.AppStore|iPhoneSimulator.ActiveCfg = Release|Any CPU
		{01FDBE37-4C71-4C91-A6F1-B13FCA17FE9C}.AppStore|iPhoneSimulator.Build.0 = Release|Any CPU
		{01FDBE37-4C71-4C91-A6F1-B13FCA17FE9C}.AppStore|iPhoneSimulator.Deploy.0 = Release|Any CPU
		{01FDBE37-4C71-4C91-A6F1-B13FCA17FE9C}.Debug|Any CPU.ActiveCfg = Debug|Any CPU
		{01FDBE37-4C71-4C91-A6F1-B13FCA17FE9C}.Debug|Any CPU.Build.0 = Debug|Any CPU
		{01FDBE37-4C71-4C91-A6F1-B13FCA17FE9C}.Debug|Any CPU.Deploy.0 = Debug|Any CPU
		{01FDBE37-4C71-4C91-A6F1-B13FCA17FE9C}.Debug|iPhone.ActiveCfg = Debug|Any CPU
		{01FDBE37-4C71-4C91-A6F1-B13FCA17FE9C}.Debug|iPhone.Build.0 = Debug|Any CPU
		{01FDBE37-4C71-4C91-A6F1-B13FCA17FE9C}.Debug|iPhone.Deploy.0 = Debug|Any CPU
		{01FDBE37-4C71-4C91-A6F1-B13FCA17FE9C}.Debug|iPhoneSimulator.ActiveCfg = Debug|Any CPU
		{01FDBE37-4C71-4C91-A6F1-B13FCA17FE9C}.Debug|iPhoneSimulator.Build.0 = Debug|Any CPU
		{01FDBE37-4C71-4C91-A6F1-B13FCA17FE9C}.Debug|iPhoneSimulator.Deploy.0 = Debug|Any CPU
		{01FDBE37-4C71-4C91-A6F1-B13FCA17FE9C}.Release|Any CPU.ActiveCfg = Release|Any CPU
		{01FDBE37-4C71-4C91-A6F1-B13FCA17FE9C}.Release|Any CPU.Build.0 = Release|Any CPU
		{01FDBE37-4C71-4C91-A6F1-B13FCA17FE9C}.Release|Any CPU.Deploy.0 = Release|Any CPU
		{01FDBE37-4C71-4C91-A6F1-B13FCA17FE9C}.Release|iPhone.ActiveCfg = Release|Any CPU
		{01FDBE37-4C71-4C91-A6F1-B13FCA17FE9C}.Release|iPhone.Build.0 = Release|Any CPU
		{01FDBE37-4C71-4C91-A6F1-B13FCA17FE9C}.Release|iPhone.Deploy.0 = Release|Any CPU
		{01FDBE37-4C71-4C91-A6F1-B13FCA17FE9C}.Release|iPhoneSimulator.ActiveCfg = Release|Any CPU
		{01FDBE37-4C71-4C91-A6F1-B13FCA17FE9C}.Release|iPhoneSimulator.Build.0 = Release|Any CPU
		{01FDBE37-4C71-4C91-A6F1-B13FCA17FE9C}.Release|iPhoneSimulator.Deploy.0 = Release|Any CPU
		{11EC746C-6649-4504-B7A9-434D0E5AEA5A}.Ad-Hoc|Any CPU.ActiveCfg = Ad-Hoc|iPhone
		{11EC746C-6649-4504-B7A9-434D0E5AEA5A}.Ad-Hoc|iPhone.ActiveCfg = Ad-Hoc|iPhone
		{11EC746C-6649-4504-B7A9-434D0E5AEA5A}.Ad-Hoc|iPhone.Build.0 = Ad-Hoc|iPhone
		{11EC746C-6649-4504-B7A9-434D0E5AEA5A}.Ad-Hoc|iPhoneSimulator.ActiveCfg = Ad-Hoc|iPhoneSimulator
		{11EC746C-6649-4504-B7A9-434D0E5AEA5A}.Ad-Hoc|iPhoneSimulator.Build.0 = Ad-Hoc|iPhoneSimulator
		{11EC746C-6649-4504-B7A9-434D0E5AEA5A}.AppStore|Any CPU.ActiveCfg = AppStore|iPhone
		{11EC746C-6649-4504-B7A9-434D0E5AEA5A}.AppStore|iPhone.ActiveCfg = AppStore|iPhone
		{11EC746C-6649-4504-B7A9-434D0E5AEA5A}.AppStore|iPhone.Build.0 = AppStore|iPhone
		{11EC746C-6649-4504-B7A9-434D0E5AEA5A}.AppStore|iPhoneSimulator.ActiveCfg = AppStore|iPhoneSimulator
		{11EC746C-6649-4504-B7A9-434D0E5AEA5A}.AppStore|iPhoneSimulator.Build.0 = AppStore|iPhoneSimulator
		{11EC746C-6649-4504-B7A9-434D0E5AEA5A}.Debug|Any CPU.ActiveCfg = Debug|iPhone
		{11EC746C-6649-4504-B7A9-434D0E5AEA5A}.Debug|iPhone.ActiveCfg = Debug|iPhone
		{11EC746C-6649-4504-B7A9-434D0E5AEA5A}.Debug|iPhone.Build.0 = Debug|iPhone
		{11EC746C-6649-4504-B7A9-434D0E5AEA5A}.Debug|iPhoneSimulator.ActiveCfg = Debug|iPhoneSimulator
		{11EC746C-6649-4504-B7A9-434D0E5AEA5A}.Debug|iPhoneSimulator.Build.0 = Debug|iPhoneSimulator
		{11EC746C-6649-4504-B7A9-434D0E5AEA5A}.Release|Any CPU.ActiveCfg = Release|iPhone
		{11EC746C-6649-4504-B7A9-434D0E5AEA5A}.Release|iPhone.ActiveCfg = Release|iPhone
		{11EC746C-6649-4504-B7A9-434D0E5AEA5A}.Release|iPhone.Build.0 = Release|iPhone
		{11EC746C-6649-4504-B7A9-434D0E5AEA5A}.Release|iPhoneSimulator.ActiveCfg = Release|iPhoneSimulator
		{11EC746C-6649-4504-B7A9-434D0E5AEA5A}.Release|iPhoneSimulator.Build.0 = Release|iPhoneSimulator
		{51068FDD-15E1-4341-A2FA-4E56896AE244}.Ad-Hoc|Any CPU.ActiveCfg = Debug|Any CPU
		{51068FDD-15E1-4341-A2FA-4E56896AE244}.Ad-Hoc|Any CPU.Build.0 = Debug|Any CPU
		{51068FDD-15E1-4341-A2FA-4E56896AE244}.Ad-Hoc|iPhone.ActiveCfg = Debug|Any CPU
		{51068FDD-15E1-4341-A2FA-4E56896AE244}.Ad-Hoc|iPhone.Build.0 = Debug|Any CPU
		{51068FDD-15E1-4341-A2FA-4E56896AE244}.Ad-Hoc|iPhoneSimulator.ActiveCfg = Debug|Any CPU
		{51068FDD-15E1-4341-A2FA-4E56896AE244}.Ad-Hoc|iPhoneSimulator.Build.0 = Debug|Any CPU
		{51068FDD-15E1-4341-A2FA-4E56896AE244}.AppStore|Any CPU.ActiveCfg = Debug|Any CPU
		{51068FDD-15E1-4341-A2FA-4E56896AE244}.AppStore|Any CPU.Build.0 = Debug|Any CPU
		{51068FDD-15E1-4341-A2FA-4E56896AE244}.AppStore|iPhone.ActiveCfg = Debug|Any CPU
		{51068FDD-15E1-4341-A2FA-4E56896AE244}.AppStore|iPhone.Build.0 = Debug|Any CPU
		{51068FDD-15E1-4341-A2FA-4E56896AE244}.AppStore|iPhoneSimulator.ActiveCfg = Debug|Any CPU
		{51068FDD-15E1-4341-A2FA-4E56896AE244}.AppStore|iPhoneSimulator.Build.0 = Debug|Any CPU
		{51068FDD-15E1-4341-A2FA-4E56896AE244}.Debug|Any CPU.ActiveCfg = Debug|Any CPU
		{51068FDD-15E1-4341-A2FA-4E56896AE244}.Debug|Any CPU.Build.0 = Debug|Any CPU
		{51068FDD-15E1-4341-A2FA-4E56896AE244}.Debug|iPhone.ActiveCfg = Debug|Any CPU
		{51068FDD-15E1-4341-A2FA-4E56896AE244}.Debug|iPhone.Build.0 = Debug|Any CPU
		{51068FDD-15E1-4341-A2FA-4E56896AE244}.Debug|iPhoneSimulator.ActiveCfg = Debug|Any CPU
		{51068FDD-15E1-4341-A2FA-4E56896AE244}.Debug|iPhoneSimulator.Build.0 = Debug|Any CPU
		{51068FDD-15E1-4341-A2FA-4E56896AE244}.Release|Any CPU.ActiveCfg = Release|Any CPU
		{51068FDD-15E1-4341-A2FA-4E56896AE244}.Release|Any CPU.Build.0 = Release|Any CPU
		{51068FDD-15E1-4341-A2FA-4E56896AE244}.Release|iPhone.ActiveCfg = Release|Any CPU
		{51068FDD-15E1-4341-A2FA-4E56896AE244}.Release|iPhone.Build.0 = Release|Any CPU
		{51068FDD-15E1-4341-A2FA-4E56896AE244}.Release|iPhoneSimulator.ActiveCfg = Release|Any CPU
		{51068FDD-15E1-4341-A2FA-4E56896AE244}.Release|iPhoneSimulator.Build.0 = Release|Any CPU
		{69E7A90A-D785-4B03-84F7-A7BF143CFBB4}.Ad-Hoc|Any CPU.ActiveCfg = Release|Any CPU
		{69E7A90A-D785-4B03-84F7-A7BF143CFBB4}.Ad-Hoc|Any CPU.Build.0 = Release|Any CPU
		{69E7A90A-D785-4B03-84F7-A7BF143CFBB4}.Ad-Hoc|iPhone.ActiveCfg = Release|Any CPU
		{69E7A90A-D785-4B03-84F7-A7BF143CFBB4}.Ad-Hoc|iPhone.Build.0 = Release|Any CPU
		{69E7A90A-D785-4B03-84F7-A7BF143CFBB4}.Ad-Hoc|iPhoneSimulator.ActiveCfg = Release|Any CPU
		{69E7A90A-D785-4B03-84F7-A7BF143CFBB4}.Ad-Hoc|iPhoneSimulator.Build.0 = Release|Any CPU
		{69E7A90A-D785-4B03-84F7-A7BF143CFBB4}.AppStore|Any CPU.ActiveCfg = Release|Any CPU
		{69E7A90A-D785-4B03-84F7-A7BF143CFBB4}.AppStore|Any CPU.Build.0 = Release|Any CPU
		{69E7A90A-D785-4B03-84F7-A7BF143CFBB4}.AppStore|iPhone.ActiveCfg = Release|Any CPU
		{69E7A90A-D785-4B03-84F7-A7BF143CFBB4}.AppStore|iPhone.Build.0 = Release|Any CPU
		{69E7A90A-D785-4B03-84F7-A7BF143CFBB4}.AppStore|iPhoneSimulator.ActiveCfg = Release|Any CPU
		{69E7A90A-D785-4B03-84F7-A7BF143CFBB4}.AppStore|iPhoneSimulator.Build.0 = Release|Any CPU
		{69E7A90A-D785-4B03-84F7-A7BF143CFBB4}.Debug|Any CPU.ActiveCfg = Debug|Any CPU
		{69E7A90A-D785-4B03-84F7-A7BF143CFBB4}.Debug|Any CPU.Build.0 = Debug|Any CPU
		{69E7A90A-D785-4B03-84F7-A7BF143CFBB4}.Debug|iPhone.ActiveCfg = Debug|Any CPU
		{69E7A90A-D785-4B03-84F7-A7BF143CFBB4}.Debug|iPhone.Build.0 = Debug|Any CPU
		{69E7A90A-D785-4B03-84F7-A7BF143CFBB4}.Debug|iPhoneSimulator.ActiveCfg = Debug|Any CPU
		{69E7A90A-D785-4B03-84F7-A7BF143CFBB4}.Debug|iPhoneSimulator.Build.0 = Debug|Any CPU
		{69E7A90A-D785-4B03-84F7-A7BF143CFBB4}.Release|Any CPU.ActiveCfg = Release|Any CPU
		{69E7A90A-D785-4B03-84F7-A7BF143CFBB4}.Release|Any CPU.Build.0 = Release|Any CPU
		{69E7A90A-D785-4B03-84F7-A7BF143CFBB4}.Release|iPhone.ActiveCfg = Release|Any CPU
		{69E7A90A-D785-4B03-84F7-A7BF143CFBB4}.Release|iPhone.Build.0 = Release|Any CPU
		{69E7A90A-D785-4B03-84F7-A7BF143CFBB4}.Release|iPhoneSimulator.ActiveCfg = Release|Any CPU
		{69E7A90A-D785-4B03-84F7-A7BF143CFBB4}.Release|iPhoneSimulator.Build.0 = Release|Any CPU
	EndGlobalSection
	GlobalSection(SolutionProperties) = preSolution
		HideSolutionNode = FALSE
	EndGlobalSection
	GlobalSection(ExtensibilityGlobals) = postSolution
		SolutionGuid = {C1912565-2633-4620-A7D1-EDC1B0BFDAE2}
	EndGlobalSection
EndGlobal
